PODS:
  - Alamofire (5.8.0)
  - DGCharts (5.0.0):
    - DGCharts/Core (= 5.0.0)
  - DGCharts/Core (5.0.0)
  - FluentDarkModeKit (1.0.4)
  - GzipSwift (5.1.1)
  - Moya/Core (15.0.0):
    - Alamofire (~> 5.0)
  - Moya/RxSwift (15.0.0):
    - Moya/Core
    - RxSwift (~> 6.0)
  - PromiseKit (8.1.1):
    - PromiseKit/CorePromise (= 8.1.1)
    - PromiseKit/Foundation (= 8.1.1)
    - PromiseKit/UIKit (= 8.1.1)
  - PromiseKit/CorePromise (8.1.1)
  - PromiseKit/Foundation (8.1.1):
    - PromiseKit/CorePromise
  - PromiseKit/UIKit (8.1.1):
    - PromiseKit/CorePromise
  - RxSwift (6.6.0)
  - SmartCodable (3.0.2)
  - SnapKit (5.6.0)
  - Starscream (3.1.1)

DEPENDENCIES:
  - "DGCharts (from `git@github.com:ET-LINK/Charts.git`, branch `enter/round_corner_bar`)"
  - FluentDarkModeKit
  - GzipSwift
  - Moya/RxSwift
  - PromiseKit (~> 8.0)
  - RxSwift
  - SmartCodable
  - SnapKit
  - Starscream (~> 3.0)

SPEC REPOS:
  trunk:
    - Alamofire
    - FluentDarkModeKit
    - GzipSwift
    - Moya
    - PromiseKit
    - RxSwift
    - SmartCodable
    - SnapKit
    - Starscream

EXTERNAL SOURCES:
  DGCharts:
    :branch: enter/round_corner_bar
    :git: "git@github.com:ET-LINK/Charts.git"

CHECKOUT OPTIONS:
  DGCharts:
    :commit: 3bcb6cb1d5a42cafcb278f86ec02d5d24759e75b
    :git: "git@github.com:ET-LINK/Charts.git"

SPEC CHECKSUMS:
  Alamofire: 0e92e751b3e9e66d7982db43919d01f313b8eb91
  DGCharts: 6e0cf2644e8f81ad13f04caa8bc18502870a1c54
  FluentDarkModeKit: b6317653a00329564582884772ec57c4eaad1a1f
  GzipSwift: 893f3e48e597a1a4f62fafcb6514220fcf8287fa
  Moya: 138f0573e53411fb3dc17016add0b748dfbd78ee
  PromiseKit: d1be44b474e5acfa16adf007a1f49f104e10fead
  RxSwift: a4b44f7d24599f674deebd1818eab82e58410632
  SmartCodable: 326a850b67d33d572bb16d9b94fad60b54a0219c
  SnapKit: e01d52ebb8ddbc333eefe2132acf85c8227d9c25
  Starscream: 4bb2f9942274833f7b4d296a55504dcfc7edb7b0

PODFILE CHECKSUM: 2455a76664f94f57190c084c8dd0da72a4067ddd

COCOAPODS: 1.13.0
