PODS:
  - Alamofire (5.2.2)
  - Charts (3.4.0):
    - Charts/Core (= 3.4.0)
  - Charts/Core (3.4.0)
  - GzipSwift (5.1.1)
  - HandyJSON (5.0.0)
  - Moya/Core (14.0.0):
    - Alamofire (~> 5.0)
  - Moya/RxSwift (14.0.0):
    - Moya/Core
    - RxSwift (~> 5.0)
  - RxSwift (5.1.0)
  - SnapKit (5.0.1)
  - Starscream (3.1.1)
  - SwiftyJSON (5.0.0)

DEPENDENCIES:
  - Charts
  - Charts (= 3.4.0)
  - GzipSwift
  - HandyJSON
  - HandyJSON (= 5.0.0)
  - Moya/RxSwift (~> 14.0.0)
  - RxSwift (= 5.1)
  - SnapKit
  - Starscream (= 3.1.1)
  - SwiftyJSON

SPEC REPOS:
  trunk:
    - Alamofire
    - Charts
    - GzipSwift
    - HandyJSON
    - Moya
    - RxSwift
    - SnapKit
    - Starscream
    - SwiftyJSON

SPEC CHECKSUMS:
  Alamofire: 814429acc853c6c54ff123fc3d2ef66803823ce0
  Charts: 74c9f256eaf0460c0c416522d1cf8c634ea6b286
  GzipSwift: 893f3e48e597a1a4f62fafcb6514220fcf8287fa
  HandyJSON: 992f2d661716d6a91de82d0056927bc7813b5770
  Moya: 5b45dacb75adb009f97fde91c204c1e565d31916
  RxSwift: ad5874f24bb0dbffd1e9bb8443604e3578796c7a
  SnapKit: 97b92857e3df3a0c71833cce143274bf6ef8e5eb
  Starscream: 4bb2f9942274833f7b4d296a55504dcfc7edb7b0
  SwiftyJSON: 36413e04c44ee145039d332b4f4e2d3e8d6c4db7

PODFILE CHECKSUM: 11b1ffef989d9b8624e50af53292e74978526347

COCOAPODS: 1.9.3
